
Microsoft Visual Studio Solution File, Format Version 12.00
# Visual Studio Version 16
VisualStudioVersion = 16.0.30204.135
MinimumVisualStudioVersion = 10.0.40219.1
Project("{8BC9CEB8-8B4A-11D0-8D11-00A0C91BC942}") = "ExamenSDDListaDubla", "ExamenSDDListaDubla\ExamenSDDListaDubla.vcxproj", "{A2613E92-4727-4B1D-8E0D-596A9E4EF986}"
EndProject
Global
	GlobalSection(SolutionConfigurationPlatforms) = preSolution
		Debug|x64 = Debug|x64
		Debug|x86 = Debug|x86
		Release|x64 = Release|x64
		Release|x86 = Release|x86
	EndGlobalSection
	GlobalSection(ProjectConfigurationPlatforms) = postSolution
		{A2613E92-4727-4B1D-8E0D-596A9E4EF986}.Debug|x64.ActiveCfg = Debug|x64
		{A2613E92-4727-4B1D-8E0D-596A9E4EF986}.Debug|x64.Build.0 = Debug|x64
		{A2613E92-4727-4B1D-8E0D-596A9E4EF986}.Debug|x86.ActiveCfg = Debug|Win32
		{A2613E92-4727-4B1D-8E0D-596A9E4EF986}.Debug|x86.Build.0 = Debug|Win32
		{A2613E92-4727-4B1D-8E0D-596A9E4EF986}.Release|x64.ActiveCfg = Release|x64
		{A2613E92-4727-4B1D-8E0D-596A9E4EF986}.Release|x64.Build.0 = Release|x64
		{A2613E92-4727-4B1D-8E0D-596A9E4EF986}.Release|x86.ActiveCfg = Release|Win32
		{A2613E92-4727-4B1D-8E0D-596A9E4EF986}.Release|x86.Build.0 = Release|Win32
	EndGlobalSection
	GlobalSection(SolutionProperties) = preSolution
		HideSolutionNode = FALSE
	EndGlobalSection
	GlobalSection(ExtensibilityGlobals) = postSolution
		SolutionGuid = {BFC60BCD-DADD-4672-9290-43EB12C3507E}
	EndGlobalSection
EndGlobal
