
Microsoft Visual Studio Solution File, Format Version 12.00
# Visual Studio 15
VisualStudioVersion = 15.0.28307.1169
MinimumVisualStudioVersion = 10.0.40219.1
Project("{8BC9CEB8-8B4A-11D0-8D11-00A0C91BC942}") = "Gradi", "Gradi\Gradi.vcxproj", "{A41917CF-31E6-4C11-BC8F-C7B324C9A8E8}"
EndProject
Global
	GlobalSection(SolutionConfigurationPlatforms) = preSolution
		Debug|x64 = Debug|x64
		Debug|x86 = Debug|x86
		Release|x64 = Release|x64
		Release|x86 = Release|x86
	EndGlobalSection
	GlobalSection(ProjectConfigurationPlatforms) = postSolution
		{A41917CF-31E6-4C11-BC8F-C7B324C9A8E8}.Debug|x64.ActiveCfg = Debug|x64
		{A41917CF-31E6-4C11-BC8F-C7B324C9A8E8}.Debug|x64.Build.0 = Debug|x64
		{A41917CF-31E6-4C11-BC8F-C7B324C9A8E8}.Debug|x86.ActiveCfg = Debug|Win32
		{A41917CF-31E6-4C11-BC8F-C7B324C9A8E8}.Debug|x86.Build.0 = Debug|Win32
		{A41917CF-31E6-4C11-BC8F-C7B324C9A8E8}.Release|x64.ActiveCfg = Release|x64
		{A41917CF-31E6-4C11-BC8F-C7B324C9A8E8}.Release|x64.Build.0 = Release|x64
		{A41917CF-31E6-4C11-BC8F-C7B324C9A8E8}.Release|x86.ActiveCfg = Release|Win32
		{A41917CF-31E6-4C11-BC8F-C7B324C9A8E8}.Release|x86.Build.0 = Release|Win32
	EndGlobalSection
	GlobalSection(SolutionProperties) = preSolution
		HideSolutionNode = FALSE
	EndGlobalSection
	GlobalSection(ExtensibilityGlobals) = postSolution
		SolutionGuid = {09AB1996-7DC9-4C10-B2F3-2FE33536E597}
	EndGlobalSection
EndGlobal
